
Microsoft Visual Studio Solution File, Format Version 12.00
# Visual Studio Version 17
VisualStudioVersion = 17.5.33627.172
MinimumVisualStudioVersion = 10.0.40219.1
Project("{FAE04EC0-301F-11D3-BF4B-00C04F79EFBC}") = "Perros", "Perros\Perros.csproj", "{8382C70C-A495-4643-8485-6FA9E8241DE1}"
EndProject
Global
	GlobalSection(SolutionConfigurationPlatforms) = preSolution
		Debug|Any CPU = Debug|Any CPU
		Release|Any CPU = Release|Any CPU
	EndGlobalSection
	GlobalSection(ProjectConfigurationPlatforms) = postSolution
		{8382C70C-A495-4643-8485-6FA9E8241DE1}.Debug|Any CPU.ActiveCfg = Debug|Any CPU
		{8382C70C-A495-4643-8485-6FA9E8241DE1}.Debug|Any CPU.Build.0 = Debug|Any CPU
		{8382C70C-A495-4643-8485-6FA9E8241DE1}.Release|Any CPU.ActiveCfg = Release|Any CPU
		{8382C70C-A495-4643-8485-6FA9E8241DE1}.Release|Any CPU.Build.0 = Release|Any CPU
	EndGlobalSection
	GlobalSection(SolutionProperties) = preSolution
		HideSolutionNode = FALSE
	EndGlobalSection
	GlobalSection(ExtensibilityGlobals) = postSolution
		SolutionGuid = {A21E184D-C002-4404-A722-D80BDC9D9AF2}
	EndGlobalSection
EndGlobal
